
Microsoft Visual Studio Solution File, Format Version 12.00
# Visual Studio 14
VisualStudioVersion = 14.0.25420.1
MinimumVisualStudioVersion = 10.0.40219.1
Project("{FAE04EC0-301F-11D3-BF4B-00C04F79EFBC}") = "FacturacionElectronica.Homologacion", "FacturacionElectronica.Homologacion\FacturacionElectronica.Homologacion.csproj", "{65510B7D-524E-424E-9BC5-6B1200389A6C}"
EndProject
Project("{FAE04EC0-301F-11D3-BF4B-00C04F79EFBC}") = "FacturacionElectronica.GeneradorXml", "FacturacionElectronica.GeneradorXml\FacturacionElectronica.GeneradorXml.csproj", "{3935F0D2-9563-46C4-86D9-D459E8A90737}"
EndProject
Project("{FAE04EC0-301F-11D3-BF4B-00C04F79EFBC}") = "FacturacionElectronica.GeneradorXmlTests", "FacturacionElectronica.GeneradorXmlTests\FacturacionElectronica.GeneradorXmlTests.csproj", "{F44DE84B-3294-40A6-8196-66D0AEE16ECF}"
EndProject
Project("{FAE04EC0-301F-11D3-BF4B-00C04F79EFBC}") = "FacturacionElectronica.HomologacionTests", "FacturacionElectronica.HomologacionTests\FacturacionElectronica.HomologacionTests.csproj", "{743DC64C-CFAF-48C5-BAA4-BDA794407F32}"
EndProject
Project("{2150E333-8FDC-42A3-9474-1A3956D46DE8}") = "Tests", "Tests", "{04E83904-650C-4020-9045-851343A209AA}"
EndProject
Project("{FAE04EC0-301F-11D3-BF4B-00C04F79EFBC}") = "Gs.Ubl", "Gs.Ubl\Gs.Ubl.csproj", "{5727FAFC-62FF-426D-84EF-62A1D0FD5DFA}"
EndProject
Project("{FAE04EC0-301F-11D3-BF4B-00C04F79EFBC}") = "FacturacionElectronica.Validador", "FacturacionElectronica.Validador\FacturacionElectronica.Validador.csproj", "{226F4677-5999-4BC5-B014-0F7C697D94A6}"
EndProject
Project("{FAE04EC0-301F-11D3-BF4B-00C04F79EFBC}") = "FacturacionElectronica.ValidadorTests", "FacturacionElectronica.ValidadorTests\FacturacionElectronica.ValidadorTests.csproj", "{5D2367DB-683F-4FC2-9900-A073DB3CB041}"
EndProject
Project("{FAE04EC0-301F-11D3-BF4B-00C04F79EFBC}") = "Gs.UblTests", "Gs.UblTests\Gs.UblTests.csproj", "{03294E45-A6B0-48E5-B17D-0BB2DC056DB6}"
EndProject
Global
	GlobalSection(SolutionConfigurationPlatforms) = preSolution
		Debug|Any CPU = Debug|Any CPU
		Release|Any CPU = Release|Any CPU
	EndGlobalSection
	GlobalSection(ProjectConfigurationPlatforms) = postSolution
		{65510B7D-524E-424E-9BC5-6B1200389A6C}.Debug|Any CPU.ActiveCfg = Debug|Any CPU
		{65510B7D-524E-424E-9BC5-6B1200389A6C}.Debug|Any CPU.Build.0 = Debug|Any CPU
		{65510B7D-524E-424E-9BC5-6B1200389A6C}.Release|Any CPU.ActiveCfg = Release|Any CPU
		{65510B7D-524E-424E-9BC5-6B1200389A6C}.Release|Any CPU.Build.0 = Release|Any CPU
		{3935F0D2-9563-46C4-86D9-D459E8A90737}.Debug|Any CPU.ActiveCfg = Debug|Any CPU
		{3935F0D2-9563-46C4-86D9-D459E8A90737}.Debug|Any CPU.Build.0 = Debug|Any CPU
		{3935F0D2-9563-46C4-86D9-D459E8A90737}.Release|Any CPU.ActiveCfg = Release|Any CPU
		{3935F0D2-9563-46C4-86D9-D459E8A90737}.Release|Any CPU.Build.0 = Release|Any CPU
		{F44DE84B-3294-40A6-8196-66D0AEE16ECF}.Debug|Any CPU.ActiveCfg = Debug|Any CPU
		{F44DE84B-3294-40A6-8196-66D0AEE16ECF}.Debug|Any CPU.Build.0 = Debug|Any CPU
		{F44DE84B-3294-40A6-8196-66D0AEE16ECF}.Release|Any CPU.ActiveCfg = Release|Any CPU
		{F44DE84B-3294-40A6-8196-66D0AEE16ECF}.Release|Any CPU.Build.0 = Release|Any CPU
		{743DC64C-CFAF-48C5-BAA4-BDA794407F32}.Debug|Any CPU.ActiveCfg = Debug|Any CPU
		{743DC64C-CFAF-48C5-BAA4-BDA794407F32}.Debug|Any CPU.Build.0 = Debug|Any CPU
		{743DC64C-CFAF-48C5-BAA4-BDA794407F32}.Release|Any CPU.ActiveCfg = Release|Any CPU
		{743DC64C-CFAF-48C5-BAA4-BDA794407F32}.Release|Any CPU.Build.0 = Release|Any CPU
		{5727FAFC-62FF-426D-84EF-62A1D0FD5DFA}.Debug|Any CPU.ActiveCfg = Debug|Any CPU
		{5727FAFC-62FF-426D-84EF-62A1D0FD5DFA}.Debug|Any CPU.Build.0 = Debug|Any CPU
		{5727FAFC-62FF-426D-84EF-62A1D0FD5DFA}.Release|Any CPU.ActiveCfg = Release|Any CPU
		{5727FAFC-62FF-426D-84EF-62A1D0FD5DFA}.Release|Any CPU.Build.0 = Release|Any CPU
		{226F4677-5999-4BC5-B014-0F7C697D94A6}.Debug|Any CPU.ActiveCfg = Debug|Any CPU
		{226F4677-5999-4BC5-B014-0F7C697D94A6}.Debug|Any CPU.Build.0 = Debug|Any CPU
		{226F4677-5999-4BC5-B014-0F7C697D94A6}.Release|Any CPU.ActiveCfg = Release|Any CPU
		{226F4677-5999-4BC5-B014-0F7C697D94A6}.Release|Any CPU.Build.0 = Release|Any CPU
		{5D2367DB-683F-4FC2-9900-A073DB3CB041}.Debug|Any CPU.ActiveCfg = Debug|Any CPU
		{5D2367DB-683F-4FC2-9900-A073DB3CB041}.Debug|Any CPU.Build.0 = Debug|Any CPU
		{5D2367DB-683F-4FC2-9900-A073DB3CB041}.Release|Any CPU.ActiveCfg = Release|Any CPU
		{5D2367DB-683F-4FC2-9900-A073DB3CB041}.Release|Any CPU.Build.0 = Release|Any CPU
		{03294E45-A6B0-48E5-B17D-0BB2DC056DB6}.Debug|Any CPU.ActiveCfg = Debug|Any CPU
		{03294E45-A6B0-48E5-B17D-0BB2DC056DB6}.Debug|Any CPU.Build.0 = Debug|Any CPU
		{03294E45-A6B0-48E5-B17D-0BB2DC056DB6}.Release|Any CPU.ActiveCfg = Release|Any CPU
		{03294E45-A6B0-48E5-B17D-0BB2DC056DB6}.Release|Any CPU.Build.0 = Release|Any CPU
	EndGlobalSection
	GlobalSection(SolutionProperties) = preSolution
		HideSolutionNode = FALSE
	EndGlobalSection
	GlobalSection(NestedProjects) = preSolution
		{F44DE84B-3294-40A6-8196-66D0AEE16ECF} = {04E83904-650C-4020-9045-851343A209AA}
		{743DC64C-CFAF-48C5-BAA4-BDA794407F32} = {04E83904-650C-4020-9045-851343A209AA}
		{5D2367DB-683F-4FC2-9900-A073DB3CB041} = {04E83904-650C-4020-9045-851343A209AA}
		{03294E45-A6B0-48E5-B17D-0BB2DC056DB6} = {04E83904-650C-4020-9045-851343A209AA}
	EndGlobalSection
	GlobalSection(SubversionScc) = preSolution
		Svn-Managed = True
		Manager = AnkhSVN - Subversion Support for Visual Studio
	EndGlobalSection
EndGlobal
